{
  "name": "Private_Chat_Socket.io_React-master",
  "lockfileVersion": 3,
  "requires": true,
  "packages": {
    "": {
      "dependencies": {
        "@syncfusion/ej2-data": "^21.2.4"
      }
    },
    "node_modules/@syncfusion/ej2-base": {
      "version": "21.2.3",
      "resolved": "https://registry.npmjs.org/@syncfusion/ej2-base/-/ej2-base-21.2.3.tgz",
      "integrity": "sha512-dUMehTP62PWZZbZjbvFAr9li5bVqAcpy4mPyLNYbIkXujWHuJqxlcihuvZWZKPXZ1RynzK6YerWbBwjFKKz6vA==",
      "dependencies": {
        "@syncfusion/ej2-icons": "~21.2.3"
      },
      "bin": {
        "syncfusion-license": "bin/syncfusion-license.js"
      }
    },
    "node_modules/@syncfusion/ej2-data": {
      "version": "21.2.4",
      "resolved": "https://registry.npmjs.org/@syncfusion/ej2-data/-/ej2-data-21.2.4.tgz",
      "integrity": "sha512-ceTZwdTEWfYdeIO0+laqtT94yfoY4kF74MQCOz4EBEo7AoY+2CCmMRkcdGDwsUy4O660YmgaspnOZeQn5r63/g==",
      "dependencies": {
        "@syncfusion/ej2-base": "~21.2.3"
      }
    },
    "node_modules/@syncfusion/ej2-icons": {
      "version": "21.2.3",
      "resolved": "https://registry.npmjs.org/@syncfusion/ej2-icons/-/ej2-icons-21.2.3.tgz",
      "integrity": "sha512-LSu+sXQHRO6eTjD1D66GPQALoUMVRZXeLnZ86WWAI7V3j8rfCDAiI4tG8XQ7nncuHgGO2e36T9A70J1eRh0/ng=="
    }
  }
}
